{
  "version": "3",
  "packages": {
    "specifiers": {
      "jsr:@mary/varint@^0.1.0": "jsr:@mary/varint@0.1.0"
    },
    "jsr": {
      "@mary/varint@0.1.0": {
        "integrity": "47b3fe3b2e7edf4847dbb7d95ca304861541ccfe8298d1468e4a7b6369519fea"
      }
    }
  },
  "remote": {},
  "workspace": {
    "dependencies": [
      "jsr:@mary/varint@^0.1.0"
    ]
  }
}
